// !$*UTF8*$!
{
	archiveVersion = 1;
	classes = {
	};
	objectVersion = 46;
	objects = {

/* Begin PBXBuildFile section */
		5E83C0DBEC19DC4A4CBEAC4E /* AppDelegate.m in Sources */ = {isa = PBXBuildFile; fileRef = 5E83CAA7D94E84B224F0BB22 /* AppDelegate.m */; };
		5E83C182CAD5612A59CA7A63 /* UIKit.framework in Frameworks */ = {isa = PBXBuildFile; fileRef = 5E83CB220DF5BDBBB7EE4E08 /* UIKit.framework */; };
		5E83C1CC43089FFDF2704529 /* main.m in Sources */ = {isa = PBXBuildFile; fileRef = 5E83C0E3D54A8135EEDB0BEC /* main.m */; };
		5E83C1F6D8A69CC880FFF049 /* UIKit.framework in Frameworks */ = {isa = PBXBuildFile; fileRef = 5E83CB220DF5BDBBB7EE4E08 /* UIKit.framework */; };
		5E83C20F603915EB19FD9C3A /* PlayingCard.m in Sources */ = {isa = PBXBuildFile; fileRef = 5E83CDC6BA105F158A80367C /* PlayingCard.m */; };
		5E83C23A363C9C5FF7B920F6 /* CardsTests.m in Sources */ = {isa = PBXBuildFile; fileRef = 5E83C9DBD8718EB5BAB5A394 /* CardsTests.m */; };
		5E83C43AC0FD1F415E5337B8 /* Foundation.framework in Frameworks */ = {isa = PBXBuildFile; fileRef = 5E83C027294C2250AD07EF5C /* Foundation.framework */; };
		5E83C5D3D7F8C6F761EE3F49 /* ViewController.m in Sources */ = {isa = PBXBuildFile; fileRef = 5E83C11518795C3C0B1FA8C4 /* ViewController.m */; };
		5E83C69EBD364A46ED3892D3 /* XCTest.framework in Frameworks */ = {isa = PBXBuildFile; fileRef = 5E83C32C4BA76867B27B0085 /* XCTest.framework */; };
		5E83C775C5391542BCDF2062 /* PlayingCardDeck.m in Sources */ = {isa = PBXBuildFile; fileRef = 5E83C17CD8AE8E9210818A1E /* PlayingCardDeck.m */; };
		5E83C92A92B25F0775B6BEE7 /* CoreGraphics.framework in Frameworks */ = {isa = PBXBuildFile; fileRef = 5E83C00F43A6CCCB1538C903 /* CoreGraphics.framework */; };
		5E83C936310E4017E051140A /* Card.m in Sources */ = {isa = PBXBuildFile; fileRef = 5E83CE425DE6BB65A047540F /* Card.m */; };
		5E83CC999AE7DE7695285253 /* Deck.m in Sources */ = {isa = PBXBuildFile; fileRef = 5E83C62E9F1563EC6A2E3F54 /* Deck.m */; };
		5E83CCA3C77800299B9F8B2F /* Foundation.framework in Frameworks */ = {isa = PBXBuildFile; fileRef = 5E83C027294C2250AD07EF5C /* Foundation.framework */; };
		5E83CD799DC5A7BB1AB7AFE6 /* InfoPlist.strings in Resources */ = {isa = PBXBuildFile; fileRef = 5E83C333AAB427E9A3CBB691 /* InfoPlist.strings */; };
		5E83CE8E0604A4CEC4A9F65A /* InfoPlist.strings in Resources */ = {isa = PBXBuildFile; fileRef = 5E83C11545D767A6F542B794 /* InfoPlist.strings */; };
		5E83CF4E616C550A54AE59BC /* Main.storyboard in Resources */ = {isa = PBXBuildFile; fileRef = 5E83C9208955E01F26C2566B /* Main.storyboard */; };
		5E83CF5762FD3E626E4BBD09 /* Images.xcassets in Resources */ = {isa = PBXBuildFile; fileRef = 5E83C4633F060C274AB984E7 /* Images.xcassets */; };
/* End PBXBuildFile section */

/* Begin PBXContainerItemProxy section */
		5E83CE63E20146CD273788F1 /* PBXContainerItemProxy */ = {
			isa = PBXContainerItemProxy;
			containerPortal = 5E83C33E8E27E31B7121B9B7 /* Project object */;
			proxyType = 1;
			remoteGlobalIDString = 5E83CA8D2690F3A1AED64A5C;
			remoteInfo = Cards;
		};
/* End PBXContainerItemProxy section */

/* Begin PBXFileReference section */
		5E83C00F43A6CCCB1538C903 /* CoreGraphics.framework */ = {isa = PBXFileReference; lastKnownFileType = wrapper.framework; name = CoreGraphics.framework; path = System/Library/Frameworks/CoreGraphics.framework; sourceTree = SDKROOT; };
		5E83C027294C2250AD07EF5C /* Foundation.framework */ = {isa = PBXFileReference; lastKnownFileType = wrapper.framework; name = Foundation.framework; path = System/Library/Frameworks/Foundation.framework; sourceTree = SDKROOT; };
		5E83C0C071098532FACD535F /* Cards-Prefix.pch */ = {isa = PBXFileReference; lastKnownFileType = sourcecode.c.h; path = "Cards-Prefix.pch"; sourceTree = "<group>"; };
		5E83C0E3D54A8135EEDB0BEC /* main.m */ = {isa = PBXFileReference; lastKnownFileType = sourcecode.c.objc; path = main.m; sourceTree = "<group>"; };
		5E83C11518795C3C0B1FA8C4 /* ViewController.m */ = {isa = PBXFileReference; lastKnownFileType = sourcecode.c.objc; path = ViewController.m; sourceTree = "<group>"; };
		5E83C17CD8AE8E9210818A1E /* PlayingCardDeck.m */ = {isa = PBXFileReference; fileEncoding = 4; lastKnownFileType = sourcecode.c.objc; path = PlayingCardDeck.m; sourceTree = "<group>"; };
		5E83C32C4BA76867B27B0085 /* XCTest.framework */ = {isa = PBXFileReference; lastKnownFileType = wrapper.framework; name = XCTest.framework; path = Library/Frameworks/XCTest.framework; sourceTree = DEVELOPER_DIR; };
		5E83C4633F060C274AB984E7 /* Images.xcassets */ = {isa = PBXFileReference; lastKnownFileType = folder; path = Images.xcassets; sourceTree = "<group>"; };
		5E83C48447D697F8739F4168 /* CardsTests.xctest */ = {isa = PBXFileReference; explicitFileType = wrapper.cfbundle; includeInIndex = 0; path = CardsTests.xctest; sourceTree = BUILT_PRODUCTS_DIR; };
		5E83C543C8E8BD9CEC113A32 /* PlayingCard.h */ = {isa = PBXFileReference; fileEncoding = 4; lastKnownFileType = sourcecode.c.h; path = PlayingCard.h; sourceTree = "<group>"; };
		5E83C55CFFB043E4A9BA4A54 /* Cards.app */ = {isa = PBXFileReference; explicitFileType = wrapper.application; includeInIndex = 0; path = Cards.app; sourceTree = BUILT_PRODUCTS_DIR; };
		5E83C62E9F1563EC6A2E3F54 /* Deck.m */ = {isa = PBXFileReference; fileEncoding = 4; lastKnownFileType = sourcecode.c.objc; path = Deck.m; sourceTree = "<group>"; };
		5E83C6BE4B595A6655E3229C /* en */ = {isa = PBXFileReference; lastKnownFileType = text.plist.strings; name = en; path = en.lproj/InfoPlist.strings; sourceTree = "<group>"; };
		5E83C772751BAF5171FC90BA /* Deck.h */ = {isa = PBXFileReference; fileEncoding = 4; lastKnownFileType = sourcecode.c.h; path = Deck.h; sourceTree = "<group>"; };
		5E83C78F87EBAB7041C18D7E /* AppDelegate.h */ = {isa = PBXFileReference; fileEncoding = 4; lastKnownFileType = sourcecode.c.h; path = AppDelegate.h; sourceTree = "<group>"; };
		5E83C8526C71103CE17B4054 /* en */ = {isa = PBXFileReference; lastKnownFileType = text.plist.strings; name = en; path = en.lproj/InfoPlist.strings; sourceTree = "<group>"; };
		5E83C9DBD8718EB5BAB5A394 /* CardsTests.m */ = {isa = PBXFileReference; lastKnownFileType = sourcecode.c.objc; path = CardsTests.m; sourceTree = "<group>"; };
		5E83CA2CE7513547F153AFEA /* ViewController.h */ = {isa = PBXFileReference; lastKnownFileType = sourcecode.c.h; path = ViewController.h; sourceTree = "<group>"; };
		5E83CA7260322C6728B6FF74 /* CardsTests-Info.plist */ = {isa = PBXFileReference; lastKnownFileType = text.plist.info; path = "CardsTests-Info.plist"; sourceTree = "<group>"; };
		5E83CA7667C38D7A3F2D3DFC /* Cards-Info.plist */ = {isa = PBXFileReference; lastKnownFileType = text.plist.info; path = "Cards-Info.plist"; sourceTree = "<group>"; };
		5E83CAA7D94E84B224F0BB22 /* AppDelegate.m */ = {isa = PBXFileReference; fileEncoding = 4; lastKnownFileType = sourcecode.c.objc; path = AppDelegate.m; sourceTree = "<group>"; };
		5E83CB220DF5BDBBB7EE4E08 /* UIKit.framework */ = {isa = PBXFileReference; lastKnownFileType = wrapper.framework; name = UIKit.framework; path = System/Library/Frameworks/UIKit.framework; sourceTree = SDKROOT; };
		5E83CB9702955444CC929198 /* PlayingCardDeck.h */ = {isa = PBXFileReference; fileEncoding = 4; lastKnownFileType = sourcecode.c.h; path = PlayingCardDeck.h; sourceTree = "<group>"; };
		5E83CCFD76698BE6FB85D23E /* Card.h */ = {isa = PBXFileReference; fileEncoding = 4; lastKnownFileType = sourcecode.c.h; path = Card.h; sourceTree = "<group>"; };
		5E83CDC6BA105F158A80367C /* PlayingCard.m */ = {isa = PBXFileReference; fileEncoding = 4; lastKnownFileType = sourcecode.c.objc; path = PlayingCard.m; sourceTree = "<group>"; };
		5E83CE425DE6BB65A047540F /* Card.m */ = {isa = PBXFileReference; fileEncoding = 4; lastKnownFileType = sourcecode.c.objc; path = Card.m; sourceTree = "<group>"; };
		5E83CEACD8F52E67E0E2E628 /* Base */ = {isa = PBXFileReference; lastKnownFileType = file.storyboard; name = Base; path = Base.lproj/Main.storyboard; sourceTree = "<group>"; };
/* End PBXFileReference section */

/* Begin PBXFrameworksBuildPhase section */
		5E83CBA0CCC3CA0E8612715B /* Frameworks */ = {
			isa = PBXFrameworksBuildPhase;
			buildActionMask = 2147483647;
			files = (
				5E83C43AC0FD1F415E5337B8 /* Foundation.framework in Frameworks */,
				5E83C92A92B25F0775B6BEE7 /* CoreGraphics.framework in Frameworks */,
				5E83C1F6D8A69CC880FFF049 /* UIKit.framework in Frameworks */,
			);
			runOnlyForDeploymentPostprocessing = 0;
		};
		5E83CE55EAF53ED48E66ADD4 /* Frameworks */ = {
			isa = PBXFrameworksBuildPhase;
			buildActionMask = 2147483647;
			files = (
				5E83C69EBD364A46ED3892D3 /* XCTest.framework in Frameworks */,
				5E83CCA3C77800299B9F8B2F /* Foundation.framework in Frameworks */,
				5E83C182CAD5612A59CA7A63 /* UIKit.framework in Frameworks */,
			);
			runOnlyForDeploymentPostprocessing = 0;
		};
/* End PBXFrameworksBuildPhase section */

/* Begin PBXGroup section */
		5E83C113A00F899C1E17759D = {
			isa = PBXGroup;
			children = (
				5E83CCBB1B451EE318D70366 /* Products */,
				5E83C3DE79ED1C5BB7A60F84 /* Frameworks */,
				5E83C68177E69F42C1E068BC /* Cards */,
				5E83C36185798B676C183567 /* CardsTests */,
			);
			sourceTree = "<group>";
		};
		5E83C36185798B676C183567 /* CardsTests */ = {
			isa = PBXGroup;
			children = (
				5E83CEE8472F0768C68891EA /* Supporting Files */,
				5E83C9DBD8718EB5BAB5A394 /* CardsTests.m */,
			);
			path = CardsTests;
			sourceTree = "<group>";
		};
		5E83C3DE79ED1C5BB7A60F84 /* Frameworks */ = {
			isa = PBXGroup;
			children = (
				5E83C027294C2250AD07EF5C /* Foundation.framework */,
				5E83C00F43A6CCCB1538C903 /* CoreGraphics.framework */,
				5E83CB220DF5BDBBB7EE4E08 /* UIKit.framework */,
				5E83C32C4BA76867B27B0085 /* XCTest.framework */,
			);
			name = Frameworks;
			sourceTree = "<group>";
		};
		5E83C68177E69F42C1E068BC /* Cards */ = {
			isa = PBXGroup;
			children = (
				5E83CDD30B720CFE8B3F351E /* Supporting Files */,
				5E83C9208955E01F26C2566B /* Main.storyboard */,
				5E83CA2CE7513547F153AFEA /* ViewController.h */,
				5E83C11518795C3C0B1FA8C4 /* ViewController.m */,
				5E83CE425DE6BB65A047540F /* Card.m */,
				5E83CCFD76698BE6FB85D23E /* Card.h */,
				5E83C62E9F1563EC6A2E3F54 /* Deck.m */,
				5E83C772751BAF5171FC90BA /* Deck.h */,
				5E83CDC6BA105F158A80367C /* PlayingCard.m */,
				5E83C543C8E8BD9CEC113A32 /* PlayingCard.h */,
				5E83C17CD8AE8E9210818A1E /* PlayingCardDeck.m */,
				5E83CB9702955444CC929198 /* PlayingCardDeck.h */,
			);
			path = Cards;
			sourceTree = "<group>";
		};
		5E83CCBB1B451EE318D70366 /* Products */ = {
			isa = PBXGroup;
			children = (
				5E83C55CFFB043E4A9BA4A54 /* Cards.app */,
				5E83C48447D697F8739F4168 /* CardsTests.xctest */,
			);
			name = Products;
			sourceTree = "<group>";
		};
		5E83CDD30B720CFE8B3F351E /* Supporting Files */ = {
			isa = PBXGroup;
			children = (
				5E83CA7667C38D7A3F2D3DFC /* Cards-Info.plist */,
				5E83C11545D767A6F542B794 /* InfoPlist.strings */,
				5E83C0E3D54A8135EEDB0BEC /* main.m */,
				5E83C0C071098532FACD535F /* Cards-Prefix.pch */,
				5E83C78F87EBAB7041C18D7E /* AppDelegate.h */,
				5E83C4633F060C274AB984E7 /* Images.xcassets */,
				5E83CAA7D94E84B224F0BB22 /* AppDelegate.m */,
			);
			name = "Supporting Files";
			sourceTree = "<group>";
		};
		5E83CEE8472F0768C68891EA /* Supporting Files */ = {
			isa = PBXGroup;
			children = (
				5E83CA7260322C6728B6FF74 /* CardsTests-Info.plist */,
				5E83C333AAB427E9A3CBB691 /* InfoPlist.strings */,
			);
			name = "Supporting Files";
			sourceTree = "<group>";
		};
/* End PBXGroup section */

/* Begin PBXNativeTarget section */
		5E83CA8D2690F3A1AED64A5C /* Cards */ = {
			isa = PBXNativeTarget;
			buildConfigurationList = 5E83C88275973223E1F892BD /* Build configuration list for PBXNativeTarget "Cards" */;
			buildPhases = (
				5E83C96CFF1391B61FF2C825 /* Sources */,
				5E83CBA0CCC3CA0E8612715B /* Frameworks */,
				5E83CC4699C8A2CBC8F4F64A /* Resources */,
			);
			buildRules = (
			);
			dependencies = (
			);
			name = Cards;
			productName = Cards;
			productReference = 5E83C55CFFB043E4A9BA4A54 /* Cards.app */;
			productType = "com.apple.product-type.application";
		};
		5E83CBE81A1CF8FAC5EA8AA7 /* CardsTests */ = {
			isa = PBXNativeTarget;
			buildConfigurationList = 5E83C5ACD3B51219C080CFC3 /* Build configuration list for PBXNativeTarget "CardsTests" */;
			buildPhases = (
				5E83C4A830D7B26E7E8669A3 /* Sources */,
				5E83CE55EAF53ED48E66ADD4 /* Frameworks */,
				5E83CE8F563ECBC35E92EF74 /* Resources */,
			);
			buildRules = (
			);
			dependencies = (
				5E83C1F9FE086F8AE31AA1FB /* PBXTargetDependency */,
			);
			name = CardsTests;
			productName = CardsTests;
			productReference = 5E83C48447D697F8739F4168 /* CardsTests.xctest */;
			productType = "com.apple.product-type.bundle.unit-test";
		};
/* End PBXNativeTarget section */

/* Begin PBXProject section */
		5E83C33E8E27E31B7121B9B7 /* Project object */ = {
			isa = PBXProject;
			attributes = {
				ORGANIZATIONNAME = ru.rukin;
			};
			buildConfigurationList = 5E83C2D9B5E9F6F0108C01C9 /* Build configuration list for PBXProject "Cards" */;
			compatibilityVersion = "Xcode 3.2";
			developmentRegion = English;
			hasScannedForEncodings = 0;
			knownRegions = (
				en,
			);
			mainGroup = 5E83C113A00F899C1E17759D;
			productRefGroup = 5E83CCBB1B451EE318D70366 /* Products */;
			projectDirPath = "";
			projectRoot = "";
			targets = (
				5E83CA8D2690F3A1AED64A5C /* Cards */,
				5E83CBE81A1CF8FAC5EA8AA7 /* CardsTests */,
			);
		};
/* End PBXProject section */

/* Begin PBXResourcesBuildPhase section */
		5E83CC4699C8A2CBC8F4F64A /* Resources */ = {
			isa = PBXResourcesBuildPhase;
			buildActionMask = 2147483647;
			files = (
				5E83CE8E0604A4CEC4A9F65A /* InfoPlist.strings in Resources */,
				5E83CF4E616C550A54AE59BC /* Main.storyboard in Resources */,
				5E83CF5762FD3E626E4BBD09 /* Images.xcassets in Resources */,
			);
			runOnlyForDeploymentPostprocessing = 0;
		};
		5E83CE8F563ECBC35E92EF74 /* Resources */ = {
			isa = PBXResourcesBuildPhase;
			buildActionMask = 2147483647;
			files = (
				5E83CD799DC5A7BB1AB7AFE6 /* InfoPlist.strings in Resources */,
			);
			runOnlyForDeploymentPostprocessing = 0;
		};
/* End PBXResourcesBuildPhase section */

/* Begin PBXSourcesBuildPhase section */
		5E83C4A830D7B26E7E8669A3 /* Sources */ = {
			isa = PBXSourcesBuildPhase;
			buildActionMask = 2147483647;
			files = (
				5E83C23A363C9C5FF7B920F6 /* CardsTests.m in Sources */,
			);
			runOnlyForDeploymentPostprocessing = 0;
		};
		5E83C96CFF1391B61FF2C825 /* Sources */ = {
			isa = PBXSourcesBuildPhase;
			buildActionMask = 2147483647;
			files = (
				5E83C1CC43089FFDF2704529 /* main.m in Sources */,
				5E83C5D3D7F8C6F761EE3F49 /* ViewController.m in Sources */,
				5E83C0DBEC19DC4A4CBEAC4E /* AppDelegate.m in Sources */,
				5E83C936310E4017E051140A /* Card.m in Sources */,
				5E83CC999AE7DE7695285253 /* Deck.m in Sources */,
				5E83C20F603915EB19FD9C3A /* PlayingCard.m in Sources */,
				5E83C775C5391542BCDF2062 /* PlayingCardDeck.m in Sources */,
			);
			runOnlyForDeploymentPostprocessing = 0;
		};
/* End PBXSourcesBuildPhase section */

/* Begin PBXTargetDependency section */
		5E83C1F9FE086F8AE31AA1FB /* PBXTargetDependency */ = {
			isa = PBXTargetDependency;
			target = 5E83CA8D2690F3A1AED64A5C /* Cards */;
			targetProxy = 5E83CE63E20146CD273788F1 /* PBXContainerItemProxy */;
		};
/* End PBXTargetDependency section */

/* Begin PBXVariantGroup section */
		5E83C11545D767A6F542B794 /* InfoPlist.strings */ = {
			isa = PBXVariantGroup;
			children = (
				5E83C8526C71103CE17B4054 /* en */,
			);
			name = InfoPlist.strings;
			sourceTree = "<group>";
		};
		5E83C333AAB427E9A3CBB691 /* InfoPlist.strings */ = {
			isa = PBXVariantGroup;
			children = (
				5E83C6BE4B595A6655E3229C /* en */,
			);
			name = InfoPlist.strings;
			sourceTree = "<group>";
		};
		5E83C9208955E01F26C2566B /* Main.storyboard */ = {
			isa = PBXVariantGroup;
			children = (
				5E83CEACD8F52E67E0E2E628 /* Base */,
			);
			name = Main.storyboard;
			sourceTree = "<group>";
		};
/* End PBXVariantGroup section */

/* Begin XCBuildConfiguration section */
		5E83C212BACAB1FCAD87A85E /* Release */ = {
			isa = XCBuildConfiguration;
			buildSettings = {
				ALWAYS_SEARCH_USER_PATHS = NO;
				ARCHS = "$(ARCHS_STANDARD_INCLUDING_64_BIT)";
				CLANG_CXX_LANGUAGE_STANDARD = "gnu++0x";
				CLANG_CXX_LIBRARY = "libc++";
				CLANG_ENABLE_MODULES = YES;
				CLANG_ENABLE_OBJC_ARC = YES;
				CLANG_WARN_BOOL_CONVERSION = YES;
				CLANG_WARN_CONSTANT_CONVERSION = YES;
				CLANG_WARN_DIRECT_OBJC_ISA_USAGE = YES_ERROR;
				CLANG_WARN_EMPTY_BODY = YES;
				CLANG_WARN_ENUM_CONVERSION = YES;
				CLANG_WARN_INT_CONVERSION = YES;
				CLANG_WARN_OBJC_ROOT_CLASS = YES_ERROR;
				CLANG_WARN__DUPLICATE_METHOD_MATCH = YES;
				"CODE_SIGN_IDENTITY[sdk=iphoneos*]" = "iPhone Developer";
				COPY_PHASE_STRIP = YES;
				ENABLE_NS_ASSERTIONS = NO;
				GCC_C_LANGUAGE_STANDARD = gnu99;
				GCC_WARN_64_TO_32_BIT_CONVERSION = YES;
				GCC_WARN_ABOUT_RETURN_TYPE = YES_ERROR;
				GCC_WARN_UNDECLARED_SELECTOR = YES;
				GCC_WARN_UNINITIALIZED_AUTOS = YES;
				GCC_WARN_UNUSED_FUNCTION = YES;
				GCC_WARN_UNUSED_VARIABLE = YES;
				IPHONEOS_DEPLOYMENT_TARGET = 7.0;
				SDKROOT = iphoneos;
				VALIDATE_PRODUCT = YES;
			};
			name = Release;
		};
		5E83C766965E85FF32431DC1 /* Debug */ = {
			isa = XCBuildConfiguration;
			buildSettings = {
				ALWAYS_SEARCH_USER_PATHS = NO;
				ARCHS = "$(ARCHS_STANDARD_INCLUDING_64_BIT)";
				CLANG_CXX_LANGUAGE_STANDARD = "gnu++0x";
				CLANG_CXX_LIBRARY = "libc++";
				CLANG_ENABLE_MODULES = YES;
				CLANG_ENABLE_OBJC_ARC = YES;
				CLANG_WARN_BOOL_CONVERSION = YES;
				CLANG_WARN_CONSTANT_CONVERSION = YES;
				CLANG_WARN_DIRECT_OBJC_ISA_USAGE = YES_ERROR;
				CLANG_WARN_EMPTY_BODY = YES;
				CLANG_WARN_ENUM_CONVERSION = YES;
				CLANG_WARN_INT_CONVERSION = YES;
				CLANG_WARN_OBJC_ROOT_CLASS = YES_ERROR;
				CLANG_WARN__DUPLICATE_METHOD_MATCH = YES;
				"CODE_SIGN_IDENTITY[sdk=iphoneos*]" = "iPhone Developer";
				COPY_PHASE_STRIP = NO;
				GCC_C_LANGUAGE_STANDARD = gnu99;
				GCC_DYNAMIC_NO_PIC = NO;
				GCC_OPTIMIZATION_LEVEL = 0;
				GCC_PREPROCESSOR_DEFINITIONS = (
					"DEBUG=1",
					"$(inherited)",
				);
				GCC_SYMBOLS_PRIVATE_EXTERN = NO;
				GCC_WARN_64_TO_32_BIT_CONVERSION = YES;
				GCC_WARN_ABOUT_RETURN_TYPE = YES_ERROR;
				GCC_WARN_UNDECLARED_SELECTOR = YES;
				GCC_WARN_UNINITIALIZED_AUTOS = YES;
				GCC_WARN_UNUSED_FUNCTION = YES;
				GCC_WARN_UNUSED_VARIABLE = YES;
				IPHONEOS_DEPLOYMENT_TARGET = 7.0;
				ONLY_ACTIVE_ARCH = YES;
				SDKROOT = iphoneos;
			};
			name = Debug;
		};
		5E83C7DCAB112D20AD9140BB /* Release */ = {
			isa = XCBuildConfiguration;
			buildSettings = {
				ASSETCATALOG_COMPILER_APPICON_NAME = AppIcon;
				ASSETCATALOG_COMPILER_LAUNCHIMAGE_NAME = LaunchImage;
				GCC_PRECOMPILE_PREFIX_HEADER = YES;
				GCC_PREFIX_HEADER = "Cards/Cards-Prefix.pch";
				INFOPLIST_FILE = "Cards/Cards-Info.plist";
				PRODUCT_NAME = "$(TARGET_NAME)";
				WRAPPER_EXTENSION = app;
			};
			name = Release;
		};
		5E83C8023020381752D092F2 /* Release */ = {
			isa = XCBuildConfiguration;
			buildSettings = {
				FRAMEWORK_SEARCH_PATHS = (
					"$(SDKROOT)/Developer/Library/Frameworks",
					"$(inherited)",
				);
				GCC_PRECOMPILE_PREFIX_HEADER = YES;
				GCC_PREFIX_HEADER = "Cards/Cards-Prefix.pch";
				INFOPLIST_FILE = "CardsTests/CardsTests-Info.plist";
				PRODUCT_NAME = "$(TARGET_NAME)";
				WRAPPER_EXTENSION = xctest;
			};
			name = Release;
		};
		5E83CA8FEB34F7206C903CD2 /* Debug */ = {
			isa = XCBuildConfiguration;
			buildSettings = {
				ASSETCATALOG_COMPILER_APPICON_NAME = AppIcon;
				ASSETCATALOG_COMPILER_LAUNCHIMAGE_NAME = LaunchImage;
				GCC_PRECOMPILE_PREFIX_HEADER = YES;
				GCC_PREFIX_HEADER = "Cards/Cards-Prefix.pch";
				INFOPLIST_FILE = "Cards/Cards-Info.plist";
				PRODUCT_NAME = "$(TARGET_NAME)";
				WRAPPER_EXTENSION = app;
			};
			name = Debug;
		};
		5E83CB5D9F0B670456B01C2F /* Debug */ = {
			isa = XCBuildConfiguration;
			buildSettings = {
				FRAMEWORK_SEARCH_PATHS = (
					"$(SDKROOT)/Developer/Library/Frameworks",
					"$(inherited)",
				);
				GCC_PRECOMPILE_PREFIX_HEADER = YES;
				GCC_PREFIX_HEADER = "Cards/Cards-Prefix.pch";
				INFOPLIST_FILE = "CardsTests/CardsTests-Info.plist";
				PRODUCT_NAME = "$(TARGET_NAME)";
				WRAPPER_EXTENSION = xctest;
			};
			name = Debug;
		};
/* End XCBuildConfiguration section */

/* Begin XCConfigurationList section */
		5E83C2D9B5E9F6F0108C01C9 /* Build configuration list for PBXProject "Cards" */ = {
			isa = XCConfigurationList;
			buildConfigurations = (
				5E83C212BACAB1FCAD87A85E /* Release */,
				5E83C766965E85FF32431DC1 /* Debug */,
			);
			defaultConfigurationIsVisible = 0;
			defaultConfigurationName = Release;
		};
		5E83C5ACD3B51219C080CFC3 /* Build configuration list for PBXNativeTarget "CardsTests" */ = {
			isa = XCConfigurationList;
			buildConfigurations = (
				5E83C8023020381752D092F2 /* Release */,
				5E83CB5D9F0B670456B01C2F /* Debug */,
			);
			defaultConfigurationIsVisible = 0;
		};
		5E83C88275973223E1F892BD /* Build configuration list for PBXNativeTarget "Cards" */ = {
			isa = XCConfigurationList;
			buildConfigurations = (
				5E83C7DCAB112D20AD9140BB /* Release */,
				5E83CA8FEB34F7206C903CD2 /* Debug */,
			);
			defaultConfigurationIsVisible = 0;
		};
/* End XCConfigurationList section */
	};
	rootObject = 5E83C33E8E27E31B7121B9B7 /* Project object */;
}
